
Microsoft Visual Studio Solution File, Format Version 12.00
# Visual Studio 2012
Project("{FAE04EC0-301F-11D3-BF4B-00C04F79EFBC}") = "FinalProject", "FinalProject\FinalProject.csproj", "{F4723495-DDC8-4F71-9F35-85E79825EC9A}"
EndProject
Global
	GlobalSection(SolutionConfigurationPlatforms) = preSolution
		Debug|Any CPU = Debug|Any CPU
		Release|Any CPU = Release|Any CPU
	EndGlobalSection
	GlobalSection(ProjectConfigurationPlatforms) = postSolution
		{F4723495-DDC8-4F71-9F35-85E79825EC9A}.Debug|Any CPU.ActiveCfg = Debug|Any CPU
		{F4723495-DDC8-4F71-9F35-85E79825EC9A}.Debug|Any CPU.Build.0 = Debug|Any CPU
		{F4723495-DDC8-4F71-9F35-85E79825EC9A}.Release|Any CPU.ActiveCfg = Release|Any CPU
		{F4723495-DDC8-4F71-9F35-85E79825EC9A}.Release|Any CPU.Build.0 = Release|Any CPU
	EndGlobalSection
	GlobalSection(SolutionProperties) = preSolution
		HideSolutionNode = FALSE
	EndGlobalSection
EndGlobal
